
Microsoft Visual Studio Solution File, Format Version 12.00
# Visual Studio Version 16
VisualStudioVersion = 16.0.29503.13
MinimumVisualStudioVersion = 10.0.40219.1
Project("{9A19103F-16F7-4668-BE54-9A1E7A4F7556}") = "Skladiste", "Skladiste\Skladiste.csproj", "{53FC16FB-9B35-4A99-B1C6-AFDB0B2040C6}"
EndProject
Project("{2150E333-8FDC-42A3-9474-1A3956D46DE8}") = "Solution Items", "Solution Items", "{648D16E2-643B-4CF0-9755-2AA5866C7E0A}"
	ProjectSection(SolutionItems) = preProject
		READ.me = READ.me
	EndProjectSection
EndProject
Global
	GlobalSection(SolutionConfigurationPlatforms) = preSolution
		Debug|Any CPU = Debug|Any CPU
		Release|Any CPU = Release|Any CPU
	EndGlobalSection
	GlobalSection(ProjectConfigurationPlatforms) = postSolution
		{53FC16FB-9B35-4A99-B1C6-AFDB0B2040C6}.Debug|Any CPU.ActiveCfg = Debug|Any CPU
		{53FC16FB-9B35-4A99-B1C6-AFDB0B2040C6}.Debug|Any CPU.Build.0 = Debug|Any CPU
		{53FC16FB-9B35-4A99-B1C6-AFDB0B2040C6}.Release|Any CPU.ActiveCfg = Release|Any CPU
		{53FC16FB-9B35-4A99-B1C6-AFDB0B2040C6}.Release|Any CPU.Build.0 = Release|Any CPU
	EndGlobalSection
	GlobalSection(SolutionProperties) = preSolution
		HideSolutionNode = FALSE
	EndGlobalSection
	GlobalSection(ExtensibilityGlobals) = postSolution
		SolutionGuid = {59947196-C4B6-4C98-871D-B183E6B3F742}
	EndGlobalSection
EndGlobal
